
Microsoft Visual Studio Solution File, Format Version 12.00
# Visual Studio Version 17
VisualStudioVersion = 17.0.31903.59
MinimumVisualStudioVersion = 10.0.40219.1
Project("{2150E333-8FDC-42A3-9474-1A3956D46DE8}") = "src", "src", "{96627E72-64FB-47A6-9ACB-3197C57F56B1}"
EndProject
Project("{FAE04EC0-301F-11D3-BF4B-00C04F79EFBC}") = "TuracoChorus", "src\TuracoChorus\TuracoChorus.csproj", "{6D7BD567-53F7-4A79-A88A-A2717F034EA2}"
EndProject
Project("{FAE04EC0-301F-11D3-BF4B-00C04F79EFBC}") = "TuracoChorus.Core", "src\TuracoChorus.Core\TuracoChorus.Core.csproj", "{01EDBA46-3F1C-46CF-B69D-517AEB66200D}"
EndProject
Project("{FAE04EC0-301F-11D3-BF4B-00C04F79EFBC}") = "TuracoChorus.Core.Tests", "src\TuracoChorus.Core.Tests\TuracoChorus.Core.Tests.csproj", "{A768E52E-0F33-48D2-99DF-EF5589CC4F2E}"
EndProject
Project("{FAE04EC0-301F-11D3-BF4B-00C04F79EFBC}") = "TuracoChorus.Core.Fakes", "src\TuracoChorus.Core.Fakes\TuracoChorus.Core.Fakes.csproj", "{989BEF59-AC86-4169-9E7F-691D7599FFF6}"
EndProject
Project("{FAE04EC0-301F-11D3-BF4B-00C04F79EFBC}") = "TuracoChorus.Tests", "src\TuracoChorus.Tests\TuracoChorus.Tests.csproj", "{C8A7FB0E-E0E8-40B8-A29E-EBF8343B5EE3}"
EndProject
Project("{FAE04EC0-301F-11D3-BF4B-00C04F79EFBC}") = "TuracoChorus.Adapters.Cognito", "src\TuracoChorus.Adapters.Cognito\TuracoChorus.Adapters.Cognito.csproj", "{76FEF092-DE46-4B9E-BBF6-D7D878D4B914}"
EndProject
Project("{FAE04EC0-301F-11D3-BF4B-00C04F79EFBC}") = "TuracoChorus.Adapters.Cognito.Tests", "src\TuracoChorus.Adapters.Cognito.Tests\TuracoChorus.Adapters.Cognito.Tests.csproj", "{AE9BE1E7-D0BE-4E89-B672-EBCFBB3A8BFF}"
EndProject
Project("{FAE04EC0-301F-11D3-BF4B-00C04F79EFBC}") = "TuracoChorus.Adapters.DynamoDb", "src\TuracoChorus.Adapters.DynamoDb\TuracoChorus.Adapters.DynamoDb.csproj", "{61C0F828-6680-419B-9D59-1033D0980EA7}"
EndProject
Project("{FAE04EC0-301F-11D3-BF4B-00C04F79EFBC}") = "TuracoChorus.Adapters.DynamoDb.Tests", "src\TuracoChorus.Adapters.DynamoDb.Tests\TuracoChorus.Adapters.DynamoDb.Tests.csproj", "{82502395-D078-4D7C-B96D-2D70287F63D5}"
EndProject
Project("{FAE04EC0-301F-11D3-BF4B-00C04F79EFBC}") = "TuracoChorus.Adapters.Claude", "src\TuracoChorus.Adapters.Claude\TuracoChorus.Adapters.Claude.csproj", "{3887C341-B8A3-4265-A663-DA2493512860}"
EndProject
Project("{FAE04EC0-301F-11D3-BF4B-00C04F79EFBC}") = "TuracoChorus.Adapters.Claude.Tests", "src\TuracoChorus.Adapters.Claude.Tests\TuracoChorus.Adapters.Claude.Tests.csproj", "{A9E915D4-F83F-453B-B354-E485CF5463B3}"
EndProject
Project("{FAE04EC0-301F-11D3-BF4B-00C04F79EFBC}") = "TuracoChorus.Adapters.Gemini", "src\TuracoChorus.Adapters.Gemini\TuracoChorus.Adapters.Gemini.csproj", "{481A8326-83D2-44E3-B61F-A462E1E63A67}"
EndProject
Project("{FAE04EC0-301F-11D3-BF4B-00C04F79EFBC}") = "TuracoChorus.Adapters.Gemini.Tests", "src\TuracoChorus.Adapters.Gemini.Tests\TuracoChorus.Adapters.Gemini.Tests.csproj", "{E4701562-368F-46AA-9886-B5B19183E634}"
EndProject
Project("{FAE04EC0-301F-11D3-BF4B-00C04F79EFBC}") = "TuracoChorus.Adapters.DynamoDb.Consent", "src\TuracoChorus.Adapters.DynamoDb.Consent\TuracoChorus.Adapters.DynamoDb.Consent.csproj", "{1274EB8D-1968-4814-8D11-7D6707905AEB}"
EndProject
Project("{FAE04EC0-301F-11D3-BF4B-00C04F79EFBC}") = "TuracoChorus.Adapters.DynamoDb.Consent.Tests", "src\TuracoChorus.Adapters.DynamoDb.Consent.Tests\TuracoChorus.Adapters.DynamoDb.Consent.Tests.csproj", "{142251B4-AB6E-4397-8D54-8C08B5FA54A2}"
EndProject
Project("{FAE04EC0-301F-11D3-BF4B-00C04F79EFBC}") = "TuracoChorus.Adapters.DynamoDb.Audit", "src\TuracoChorus.Adapters.DynamoDb.Audit\TuracoChorus.Adapters.DynamoDb.Audit.csproj", "{5845DE1D-7F0C-4BAE-96FA-2A57B9071339}"
EndProject
Project("{FAE04EC0-301F-11D3-BF4B-00C04F79EFBC}") = "TuracoChorus.Adapters.DynamoDb.Audit.Tests", "src\TuracoChorus.Adapters.DynamoDb.Audit.Tests\TuracoChorus.Adapters.DynamoDb.Audit.Tests.csproj", "{66216AC9-4B71-4CCD-A1EF-F2C84B0495D8}"
EndProject
Global
	GlobalSection(SolutionConfigurationPlatforms) = preSolution
		Debug|Any CPU = Debug|Any CPU
		Release|Any CPU = Release|Any CPU
	EndGlobalSection
	GlobalSection(SolutionProperties) = preSolution
		HideSolutionNode = FALSE
	EndGlobalSection
	GlobalSection(ProjectConfigurationPlatforms) = postSolution
		{6D7BD567-53F7-4A79-A88A-A2717F034EA2}.Debug|Any CPU.ActiveCfg = Debug|Any CPU
		{6D7BD567-53F7-4A79-A88A-A2717F034EA2}.Debug|Any CPU.Build.0 = Debug|Any CPU
		{6D7BD567-53F7-4A79-A88A-A2717F034EA2}.Release|Any CPU.ActiveCfg = Release|Any CPU
		{6D7BD567-53F7-4A79-A88A-A2717F034EA2}.Release|Any CPU.Build.0 = Release|Any CPU
		{01EDBA46-3F1C-46CF-B69D-517AEB66200D}.Debug|Any CPU.ActiveCfg = Debug|Any CPU
		{01EDBA46-3F1C-46CF-B69D-517AEB66200D}.Debug|Any CPU.Build.0 = Debug|Any CPU
		{01EDBA46-3F1C-46CF-B69D-517AEB66200D}.Release|Any CPU.ActiveCfg = Release|Any CPU
		{01EDBA46-3F1C-46CF-B69D-517AEB66200D}.Release|Any CPU.Build.0 = Release|Any CPU
		{A768E52E-0F33-48D2-99DF-EF5589CC4F2E}.Debug|Any CPU.ActiveCfg = Debug|Any CPU
		{A768E52E-0F33-48D2-99DF-EF5589CC4F2E}.Debug|Any CPU.Build.0 = Debug|Any CPU
		{A768E52E-0F33-48D2-99DF-EF5589CC4F2E}.Release|Any CPU.ActiveCfg = Release|Any CPU
		{A768E52E-0F33-48D2-99DF-EF5589CC4F2E}.Release|Any CPU.Build.0 = Release|Any CPU
		{989BEF59-AC86-4169-9E7F-691D7599FFF6}.Debug|Any CPU.ActiveCfg = Debug|Any CPU
		{989BEF59-AC86-4169-9E7F-691D7599FFF6}.Debug|Any CPU.Build.0 = Debug|Any CPU
		{989BEF59-AC86-4169-9E7F-691D7599FFF6}.Release|Any CPU.ActiveCfg = Release|Any CPU
		{989BEF59-AC86-4169-9E7F-691D7599FFF6}.Release|Any CPU.Build.0 = Release|Any CPU
		{C8A7FB0E-E0E8-40B8-A29E-EBF8343B5EE3}.Debug|Any CPU.ActiveCfg = Debug|Any CPU
		{C8A7FB0E-E0E8-40B8-A29E-EBF8343B5EE3}.Debug|Any CPU.Build.0 = Debug|Any CPU
		{C8A7FB0E-E0E8-40B8-A29E-EBF8343B5EE3}.Release|Any CPU.ActiveCfg = Release|Any CPU
		{C8A7FB0E-E0E8-40B8-A29E-EBF8343B5EE3}.Release|Any CPU.Build.0 = Release|Any CPU
		{76FEF092-DE46-4B9E-BBF6-D7D878D4B914}.Debug|Any CPU.ActiveCfg = Debug|Any CPU
		{76FEF092-DE46-4B9E-BBF6-D7D878D4B914}.Debug|Any CPU.Build.0 = Debug|Any CPU
		{76FEF092-DE46-4B9E-BBF6-D7D878D4B914}.Release|Any CPU.ActiveCfg = Release|Any CPU
		{76FEF092-DE46-4B9E-BBF6-D7D878D4B914}.Release|Any CPU.Build.0 = Release|Any CPU
		{AE9BE1E7-D0BE-4E89-B672-EBCFBB3A8BFF}.Debug|Any CPU.ActiveCfg = Debug|Any CPU
		{AE9BE1E7-D0BE-4E89-B672-EBCFBB3A8BFF}.Debug|Any CPU.Build.0 = Debug|Any CPU
		{AE9BE1E7-D0BE-4E89-B672-EBCFBB3A8BFF}.Release|Any CPU.ActiveCfg = Release|Any CPU
		{AE9BE1E7-D0BE-4E89-B672-EBCFBB3A8BFF}.Release|Any CPU.Build.0 = Release|Any CPU
		{61C0F828-6680-419B-9D59-1033D0980EA7}.Debug|Any CPU.ActiveCfg = Debug|Any CPU
		{61C0F828-6680-419B-9D59-1033D0980EA7}.Debug|Any CPU.Build.0 = Debug|Any CPU
		{61C0F828-6680-419B-9D59-1033D0980EA7}.Release|Any CPU.ActiveCfg = Release|Any CPU
		{61C0F828-6680-419B-9D59-1033D0980EA7}.Release|Any CPU.Build.0 = Release|Any CPU
		{82502395-D078-4D7C-B96D-2D70287F63D5}.Debug|Any CPU.ActiveCfg = Debug|Any CPU
		{82502395-D078-4D7C-B96D-2D70287F63D5}.Debug|Any CPU.Build.0 = Debug|Any CPU
		{82502395-D078-4D7C-B96D-2D70287F63D5}.Release|Any CPU.ActiveCfg = Release|Any CPU
		{82502395-D078-4D7C-B96D-2D70287F63D5}.Release|Any CPU.Build.0 = Release|Any CPU
		{3887C341-B8A3-4265-A663-DA2493512860}.Debug|Any CPU.ActiveCfg = Debug|Any CPU
		{3887C341-B8A3-4265-A663-DA2493512860}.Debug|Any CPU.Build.0 = Debug|Any CPU
		{3887C341-B8A3-4265-A663-DA2493512860}.Release|Any CPU.ActiveCfg = Release|Any CPU
		{3887C341-B8A3-4265-A663-DA2493512860}.Release|Any CPU.Build.0 = Release|Any CPU
		{A9E915D4-F83F-453B-B354-E485CF5463B3}.Debug|Any CPU.ActiveCfg = Debug|Any CPU
		{A9E915D4-F83F-453B-B354-E485CF5463B3}.Debug|Any CPU.Build.0 = Debug|Any CPU
		{A9E915D4-F83F-453B-B354-E485CF5463B3}.Release|Any CPU.ActiveCfg = Release|Any CPU
		{A9E915D4-F83F-453B-B354-E485CF5463B3}.Release|Any CPU.Build.0 = Release|Any CPU
		{481A8326-83D2-44E3-B61F-A462E1E63A67}.Debug|Any CPU.ActiveCfg = Debug|Any CPU
		{481A8326-83D2-44E3-B61F-A462E1E63A67}.Debug|Any CPU.Build.0 = Debug|Any CPU
		{481A8326-83D2-44E3-B61F-A462E1E63A67}.Release|Any CPU.ActiveCfg = Release|Any CPU
		{481A8326-83D2-44E3-B61F-A462E1E63A67}.Release|Any CPU.Build.0 = Release|Any CPU
		{E4701562-368F-46AA-9886-B5B19183E634}.Debug|Any CPU.ActiveCfg = Debug|Any CPU
		{E4701562-368F-46AA-9886-B5B19183E634}.Debug|Any CPU.Build.0 = Debug|Any CPU
		{E4701562-368F-46AA-9886-B5B19183E634}.Release|Any CPU.ActiveCfg = Release|Any CPU
		{E4701562-368F-46AA-9886-B5B19183E634}.Release|Any CPU.Build.0 = Release|Any CPU
		{1274EB8D-1968-4814-8D11-7D6707905AEB}.Debug|Any CPU.ActiveCfg = Debug|Any CPU
		{1274EB8D-1968-4814-8D11-7D6707905AEB}.Debug|Any CPU.Build.0 = Debug|Any CPU
		{1274EB8D-1968-4814-8D11-7D6707905AEB}.Release|Any CPU.ActiveCfg = Release|Any CPU
		{1274EB8D-1968-4814-8D11-7D6707905AEB}.Release|Any CPU.Build.0 = Release|Any CPU
		{142251B4-AB6E-4397-8D54-8C08B5FA54A2}.Debug|Any CPU.ActiveCfg = Debug|Any CPU
		{142251B4-AB6E-4397-8D54-8C08B5FA54A2}.Debug|Any CPU.Build.0 = Debug|Any CPU
		{142251B4-AB6E-4397-8D54-8C08B5FA54A2}.Release|Any CPU.ActiveCfg = Release|Any CPU
		{142251B4-AB6E-4397-8D54-8C08B5FA54A2}.Release|Any CPU.Build.0 = Release|Any CPU
		{5845DE1D-7F0C-4BAE-96FA-2A57B9071339}.Debug|Any CPU.ActiveCfg = Debug|Any CPU
		{5845DE1D-7F0C-4BAE-96FA-2A57B9071339}.Debug|Any CPU.Build.0 = Debug|Any CPU
		{5845DE1D-7F0C-4BAE-96FA-2A57B9071339}.Release|Any CPU.ActiveCfg = Release|Any CPU
		{5845DE1D-7F0C-4BAE-96FA-2A57B9071339}.Release|Any CPU.Build.0 = Release|Any CPU
		{66216AC9-4B71-4CCD-A1EF-F2C84B0495D8}.Debug|Any CPU.ActiveCfg = Debug|Any CPU
		{66216AC9-4B71-4CCD-A1EF-F2C84B0495D8}.Debug|Any CPU.Build.0 = Debug|Any CPU
		{66216AC9-4B71-4CCD-A1EF-F2C84B0495D8}.Release|Any CPU.ActiveCfg = Release|Any CPU
		{66216AC9-4B71-4CCD-A1EF-F2C84B0495D8}.Release|Any CPU.Build.0 = Release|Any CPU
	EndGlobalSection
	GlobalSection(NestedProjects) = preSolution
		{6D7BD567-53F7-4A79-A88A-A2717F034EA2} = {96627E72-64FB-47A6-9ACB-3197C57F56B1}
		{01EDBA46-3F1C-46CF-B69D-517AEB66200D} = {96627E72-64FB-47A6-9ACB-3197C57F56B1}
		{A768E52E-0F33-48D2-99DF-EF5589CC4F2E} = {96627E72-64FB-47A6-9ACB-3197C57F56B1}
		{989BEF59-AC86-4169-9E7F-691D7599FFF6} = {96627E72-64FB-47A6-9ACB-3197C57F56B1}
		{C8A7FB0E-E0E8-40B8-A29E-EBF8343B5EE3} = {96627E72-64FB-47A6-9ACB-3197C57F56B1}
		{76FEF092-DE46-4B9E-BBF6-D7D878D4B914} = {96627E72-64FB-47A6-9ACB-3197C57F56B1}
		{AE9BE1E7-D0BE-4E89-B672-EBCFBB3A8BFF} = {96627E72-64FB-47A6-9ACB-3197C57F56B1}
		{61C0F828-6680-419B-9D59-1033D0980EA7} = {96627E72-64FB-47A6-9ACB-3197C57F56B1}
		{82502395-D078-4D7C-B96D-2D70287F63D5} = {96627E72-64FB-47A6-9ACB-3197C57F56B1}
		{3887C341-B8A3-4265-A663-DA2493512860} = {96627E72-64FB-47A6-9ACB-3197C57F56B1}
		{A9E915D4-F83F-453B-B354-E485CF5463B3} = {96627E72-64FB-47A6-9ACB-3197C57F56B1}
		{481A8326-83D2-44E3-B61F-A462E1E63A67} = {96627E72-64FB-47A6-9ACB-3197C57F56B1}
		{E4701562-368F-46AA-9886-B5B19183E634} = {96627E72-64FB-47A6-9ACB-3197C57F56B1}
		{1274EB8D-1968-4814-8D11-7D6707905AEB} = {96627E72-64FB-47A6-9ACB-3197C57F56B1}
		{142251B4-AB6E-4397-8D54-8C08B5FA54A2} = {96627E72-64FB-47A6-9ACB-3197C57F56B1}
		{5845DE1D-7F0C-4BAE-96FA-2A57B9071339} = {96627E72-64FB-47A6-9ACB-3197C57F56B1}
		{66216AC9-4B71-4CCD-A1EF-F2C84B0495D8} = {96627E72-64FB-47A6-9ACB-3197C57F56B1}
	EndGlobalSection
EndGlobal
