
Microsoft Visual Studio Solution File, Format Version 12.00
# Visual Studio Version 17
VisualStudioVersion = 17.0.31903.59
MinimumVisualStudioVersion = 10.0.40219.1
Project("{2150E333-8FDC-42A3-9474-1A3956D46DE8}") = "src", "src", "{96627E72-64FB-47A6-9ACB-3197C57F56B1}"
EndProject
Project("{FAE04EC0-301F-11D3-BF4B-00C04F79EFBC}") = "TuracoChorus", "src\TuracoChorus\TuracoChorus.csproj", "{6D7BD567-53F7-4A79-A88A-A2717F034EA2}"
EndProject
Project("{FAE04EC0-301F-11D3-BF4B-00C04F79EFBC}") = "TuracoChorus.Core", "src\TuracoChorus.Core\TuracoChorus.Core.csproj", "{01EDBA46-3F1C-46CF-B69D-517AEB66200D}"
EndProject
Project("{FAE04EC0-301F-11D3-BF4B-00C04F79EFBC}") = "TuracoChorus.Core.Tests", "src\TuracoChorus.Core.Tests\TuracoChorus.Core.Tests.csproj", "{A768E52E-0F33-48D2-99DF-EF5589CC4F2E}"
EndProject
Global
	GlobalSection(SolutionConfigurationPlatforms) = preSolution
		Debug|Any CPU = Debug|Any CPU
		Release|Any CPU = Release|Any CPU
	EndGlobalSection
	GlobalSection(SolutionProperties) = preSolution
		HideSolutionNode = FALSE
	EndGlobalSection
	GlobalSection(ProjectConfigurationPlatforms) = postSolution
		{6D7BD567-53F7-4A79-A88A-A2717F034EA2}.Debug|Any CPU.ActiveCfg = Debug|Any CPU
		{6D7BD567-53F7-4A79-A88A-A2717F034EA2}.Debug|Any CPU.Build.0 = Debug|Any CPU
		{6D7BD567-53F7-4A79-A88A-A2717F034EA2}.Release|Any CPU.ActiveCfg = Release|Any CPU
		{6D7BD567-53F7-4A79-A88A-A2717F034EA2}.Release|Any CPU.Build.0 = Release|Any CPU
		{01EDBA46-3F1C-46CF-B69D-517AEB66200D}.Debug|Any CPU.ActiveCfg = Debug|Any CPU
		{01EDBA46-3F1C-46CF-B69D-517AEB66200D}.Debug|Any CPU.Build.0 = Debug|Any CPU
		{01EDBA46-3F1C-46CF-B69D-517AEB66200D}.Release|Any CPU.ActiveCfg = Release|Any CPU
		{01EDBA46-3F1C-46CF-B69D-517AEB66200D}.Release|Any CPU.Build.0 = Release|Any CPU
		{A768E52E-0F33-48D2-99DF-EF5589CC4F2E}.Debug|Any CPU.ActiveCfg = Debug|Any CPU
		{A768E52E-0F33-48D2-99DF-EF5589CC4F2E}.Debug|Any CPU.Build.0 = Debug|Any CPU
		{A768E52E-0F33-48D2-99DF-EF5589CC4F2E}.Release|Any CPU.ActiveCfg = Release|Any CPU
		{A768E52E-0F33-48D2-99DF-EF5589CC4F2E}.Release|Any CPU.Build.0 = Release|Any CPU
	EndGlobalSection
	GlobalSection(NestedProjects) = preSolution
		{6D7BD567-53F7-4A79-A88A-A2717F034EA2} = {96627E72-64FB-47A6-9ACB-3197C57F56B1}
		{01EDBA46-3F1C-46CF-B69D-517AEB66200D} = {96627E72-64FB-47A6-9ACB-3197C57F56B1}
		{A768E52E-0F33-48D2-99DF-EF5589CC4F2E} = {96627E72-64FB-47A6-9ACB-3197C57F56B1}
	EndGlobalSection
EndGlobal
